
Microsoft Visual Studio Solution File, Format Version 12.00
# Visual Studio 15
VisualStudioVersion = 15.0.27703.2035
MinimumVisualStudioVersion = 10.0.40219.1
Project("{FAE04EC0-301F-11D3-BF4B-00C04F79EFBC}") = "Flash", "src\Flash\Flash.csproj", "{4B7A1219-E10B-4E48-96CF-64549B7634C9}"
EndProject
Project("{2150E333-8FDC-42A3-9474-1A3956D46DE8}") = "src", "src", "{DE972490-366A-4ECF-A7A1-EF3E3FCC73B8}"
EndProject
Project("{2150E333-8FDC-42A3-9474-1A3956D46DE8}") = "Solution Items", "Solution Items", "{729560E7-AFE7-4091-9A3C-1BD33BE71035}"
	ProjectSection(SolutionItems) = preProject
		.editorconfig = .editorconfig
	EndProjectSection
EndProject
Project("{2150E333-8FDC-42A3-9474-1A3956D46DE8}") = "tests", "tests", "{4DD8D35C-2811-48CC-9299-16D1483A5997}"
EndProject
Project("{FAE04EC0-301F-11D3-BF4B-00C04F79EFBC}") = "UnitTests", "tests\UnitTests\UnitTests.csproj", "{10E1E0AE-2402-440F-984F-2DCE657137D3}"
EndProject
Project("{FAE04EC0-301F-11D3-BF4B-00C04F79EFBC}") = "FunctionalTests", "tests\FunctionalTests\FunctionalTests.csproj", "{7547E4E5-664C-4DFF-BC1B-3F85CE601775}"
EndProject
Project("{FAE04EC0-301F-11D3-BF4B-00C04F79EFBC}") = "Sandbox", "src\Sandbox\Sandbox.csproj", "{FE28430E-DF86-4947-88D9-259E85239D3C}"
EndProject
Project("{FAE04EC0-301F-11D3-BF4B-00C04F79EFBC}") = "Zipper", "src\Zipper\Zipper.csproj", "{1C554CBD-F776-4E6F-9A93-0A36E55CEF26}"
EndProject
Project("{FAE04EC0-301F-11D3-BF4B-00C04F79EFBC}") = "evaller", "src\evaller\evaller.csproj", "{B38BB1A5-D473-407A-80C2-501CBF2A73C3}"
EndProject
Project("{FAE04EC0-301F-11D3-BF4B-00C04F79EFBC}") = "JobExecutor", "src\JobExecutor\JobExecutor.csproj", "{C5F4AEB1-A508-4D27-A1AF-1396B36F6BAE}"
EndProject
Project("{FAE04EC0-301F-11D3-BF4B-00C04F79EFBC}") = "JobTaskSender", "src\JobTaskSender\JobTaskSender.csproj", "{87836696-2F89-409E-BB76-78DD1E14A92C}"
EndProject
Project("{2150E333-8FDC-42A3-9474-1A3956D46DE8}") = "jobs", "jobs", "{7A4BF645-A0A4-4DB7-95E3-D7918394CBE4}"
EndProject
Project("{FAE04EC0-301F-11D3-BF4B-00C04F79EFBC}") = "JobsCommon", "src\JobsCommon\JobsCommon.csproj", "{0E862AD4-D3CD-4AF3-9964-CA03AE6A9425}"
EndProject
Project("{FAE04EC0-301F-11D3-BF4B-00C04F79EFBC}") = "Run", "src\Run\Run.csproj", "{9657B72B-7E13-40C4-94E9-8328807B9475}"
EndProject
Global
	GlobalSection(SolutionConfigurationPlatforms) = preSolution
		Debug|Any CPU = Debug|Any CPU
		Release|Any CPU = Release|Any CPU
	EndGlobalSection
	GlobalSection(ProjectConfigurationPlatforms) = postSolution
		{4B7A1219-E10B-4E48-96CF-64549B7634C9}.Debug|Any CPU.ActiveCfg = Debug|Any CPU
		{4B7A1219-E10B-4E48-96CF-64549B7634C9}.Debug|Any CPU.Build.0 = Debug|Any CPU
		{4B7A1219-E10B-4E48-96CF-64549B7634C9}.Release|Any CPU.ActiveCfg = Release|Any CPU
		{4B7A1219-E10B-4E48-96CF-64549B7634C9}.Release|Any CPU.Build.0 = Release|Any CPU
		{10E1E0AE-2402-440F-984F-2DCE657137D3}.Debug|Any CPU.ActiveCfg = Debug|Any CPU
		{10E1E0AE-2402-440F-984F-2DCE657137D3}.Debug|Any CPU.Build.0 = Debug|Any CPU
		{10E1E0AE-2402-440F-984F-2DCE657137D3}.Release|Any CPU.ActiveCfg = Release|Any CPU
		{10E1E0AE-2402-440F-984F-2DCE657137D3}.Release|Any CPU.Build.0 = Release|Any CPU
		{7547E4E5-664C-4DFF-BC1B-3F85CE601775}.Debug|Any CPU.ActiveCfg = Debug|Any CPU
		{7547E4E5-664C-4DFF-BC1B-3F85CE601775}.Debug|Any CPU.Build.0 = Debug|Any CPU
		{7547E4E5-664C-4DFF-BC1B-3F85CE601775}.Release|Any CPU.ActiveCfg = Release|Any CPU
		{7547E4E5-664C-4DFF-BC1B-3F85CE601775}.Release|Any CPU.Build.0 = Release|Any CPU
		{FE28430E-DF86-4947-88D9-259E85239D3C}.Debug|Any CPU.ActiveCfg = Debug|Any CPU
		{FE28430E-DF86-4947-88D9-259E85239D3C}.Debug|Any CPU.Build.0 = Debug|Any CPU
		{FE28430E-DF86-4947-88D9-259E85239D3C}.Release|Any CPU.ActiveCfg = Release|Any CPU
		{FE28430E-DF86-4947-88D9-259E85239D3C}.Release|Any CPU.Build.0 = Release|Any CPU
		{1C554CBD-F776-4E6F-9A93-0A36E55CEF26}.Debug|Any CPU.ActiveCfg = Debug|Any CPU
		{1C554CBD-F776-4E6F-9A93-0A36E55CEF26}.Debug|Any CPU.Build.0 = Debug|Any CPU
		{1C554CBD-F776-4E6F-9A93-0A36E55CEF26}.Release|Any CPU.ActiveCfg = Release|Any CPU
		{1C554CBD-F776-4E6F-9A93-0A36E55CEF26}.Release|Any CPU.Build.0 = Release|Any CPU
		{B38BB1A5-D473-407A-80C2-501CBF2A73C3}.Debug|Any CPU.ActiveCfg = Debug|Any CPU
		{B38BB1A5-D473-407A-80C2-501CBF2A73C3}.Debug|Any CPU.Build.0 = Debug|Any CPU
		{B38BB1A5-D473-407A-80C2-501CBF2A73C3}.Release|Any CPU.ActiveCfg = Release|Any CPU
		{B38BB1A5-D473-407A-80C2-501CBF2A73C3}.Release|Any CPU.Build.0 = Release|Any CPU
		{C5F4AEB1-A508-4D27-A1AF-1396B36F6BAE}.Debug|Any CPU.ActiveCfg = Debug|Any CPU
		{C5F4AEB1-A508-4D27-A1AF-1396B36F6BAE}.Debug|Any CPU.Build.0 = Debug|Any CPU
		{C5F4AEB1-A508-4D27-A1AF-1396B36F6BAE}.Release|Any CPU.ActiveCfg = Release|Any CPU
		{C5F4AEB1-A508-4D27-A1AF-1396B36F6BAE}.Release|Any CPU.Build.0 = Release|Any CPU
		{87836696-2F89-409E-BB76-78DD1E14A92C}.Debug|Any CPU.ActiveCfg = Debug|Any CPU
		{87836696-2F89-409E-BB76-78DD1E14A92C}.Debug|Any CPU.Build.0 = Debug|Any CPU
		{87836696-2F89-409E-BB76-78DD1E14A92C}.Release|Any CPU.ActiveCfg = Release|Any CPU
		{87836696-2F89-409E-BB76-78DD1E14A92C}.Release|Any CPU.Build.0 = Release|Any CPU
		{0E862AD4-D3CD-4AF3-9964-CA03AE6A9425}.Debug|Any CPU.ActiveCfg = Debug|Any CPU
		{0E862AD4-D3CD-4AF3-9964-CA03AE6A9425}.Debug|Any CPU.Build.0 = Debug|Any CPU
		{0E862AD4-D3CD-4AF3-9964-CA03AE6A9425}.Release|Any CPU.ActiveCfg = Release|Any CPU
		{0E862AD4-D3CD-4AF3-9964-CA03AE6A9425}.Release|Any CPU.Build.0 = Release|Any CPU
		{9657B72B-7E13-40C4-94E9-8328807B9475}.Debug|Any CPU.ActiveCfg = Debug|Any CPU
		{9657B72B-7E13-40C4-94E9-8328807B9475}.Debug|Any CPU.Build.0 = Debug|Any CPU
		{9657B72B-7E13-40C4-94E9-8328807B9475}.Release|Any CPU.ActiveCfg = Release|Any CPU
		{9657B72B-7E13-40C4-94E9-8328807B9475}.Release|Any CPU.Build.0 = Release|Any CPU
	EndGlobalSection
	GlobalSection(SolutionProperties) = preSolution
		HideSolutionNode = FALSE
	EndGlobalSection
	GlobalSection(NestedProjects) = preSolution
		{4B7A1219-E10B-4E48-96CF-64549B7634C9} = {DE972490-366A-4ECF-A7A1-EF3E3FCC73B8}
		{10E1E0AE-2402-440F-984F-2DCE657137D3} = {4DD8D35C-2811-48CC-9299-16D1483A5997}
		{7547E4E5-664C-4DFF-BC1B-3F85CE601775} = {4DD8D35C-2811-48CC-9299-16D1483A5997}
		{FE28430E-DF86-4947-88D9-259E85239D3C} = {DE972490-366A-4ECF-A7A1-EF3E3FCC73B8}
		{1C554CBD-F776-4E6F-9A93-0A36E55CEF26} = {DE972490-366A-4ECF-A7A1-EF3E3FCC73B8}
		{B38BB1A5-D473-407A-80C2-501CBF2A73C3} = {DE972490-366A-4ECF-A7A1-EF3E3FCC73B8}
		{C5F4AEB1-A508-4D27-A1AF-1396B36F6BAE} = {7A4BF645-A0A4-4DB7-95E3-D7918394CBE4}
		{87836696-2F89-409E-BB76-78DD1E14A92C} = {7A4BF645-A0A4-4DB7-95E3-D7918394CBE4}
		{7A4BF645-A0A4-4DB7-95E3-D7918394CBE4} = {DE972490-366A-4ECF-A7A1-EF3E3FCC73B8}
		{0E862AD4-D3CD-4AF3-9964-CA03AE6A9425} = {7A4BF645-A0A4-4DB7-95E3-D7918394CBE4}
		{9657B72B-7E13-40C4-94E9-8328807B9475} = {7A4BF645-A0A4-4DB7-95E3-D7918394CBE4}
	EndGlobalSection
	GlobalSection(ExtensibilityGlobals) = postSolution
		SolutionGuid = {A6AE2635-C3F4-4641-A791-BC01D4AEC176}
	EndGlobalSection
EndGlobal
